// !$*UTF8*$!
{
	archiveVersion = 1;
	classes = {
	};
	objectVersion = 46;
	objects = {

/* Begin PBXBuildFile section */
		69D729511E154090007F0F26 /* AppDelegate.swift in Sources */ = {isa = PBXBuildFile; fileRef = 69D729501E154090007F0F26 /* AppDelegate.swift */; };
		69D729531E154090007F0F26 /* ViewController.swift in Sources */ = {isa = PBXBuildFile; fileRef = 69D729521E154090007F0F26 /* ViewController.swift */; };
		69D729561E154090007F0F26 /* Main.storyboard in Resources */ = {isa = PBXBuildFile; fileRef = 69D729541E154090007F0F26 /* Main.storyboard */; };
		69D729581E154090007F0F26 /* Assets.xcassets in Resources */ = {isa = PBXBuildFile; fileRef = 69D729571E154090007F0F26 /* Assets.xcassets */; };
		69D7295B1E154091007F0F26 /* LaunchScreen.storyboard in Resources */ = {isa = PBXBuildFile; fileRef = 69D729591E154091007F0F26 /* LaunchScreen.storyboard */; };
/* End PBXBuildFile section */

/* Begin PBXFileReference section */
		69D7294D1E154090007F0F26 /* Iks-Oks.app */ = {isa = PBXFileReference; explicitFileType = wrapper.application; includeInIndex = 0; path = "Iks-Oks.app"; sourceTree = BUILT_PRODUCTS_DIR; };
		69D729501E154090007F0F26 /* AppDelegate.swift */ = {isa = PBXFileReference; lastKnownFileType = sourcecode.swift; path = AppDelegate.swift; sourceTree = "<group>"; };
		69D729521E154090007F0F26 /* ViewController.swift */ = {isa = PBXFileReference; lastKnownFileType = sourcecode.swift; path = ViewController.swift; sourceTree = "<group>"; };
		69D729551E154090007F0F26 /* Base */ = {isa = PBXFileReference; lastKnownFileType = file.storyboard; name = Base; path = Base.lproj/Main.storyboard; sourceTree = "<group>"; };
		69D729571E154090007F0F26 /* Assets.xcassets */ = {isa = PBXFileReference; lastKnownFileType = folder.assetcatalog; path = Assets.xcassets; sourceTree = "<group>"; };
		69D7295A1E154091007F0F26 /* Base */ = {isa = PBXFileReference; lastKnownFileType = file.storyboard; name = Base; path = Base.lproj/LaunchScreen.storyboard; sourceTree = "<group>"; };
		69D7295C1E154091007F0F26 /* Info.plist */ = {isa = PBXFileReference; lastKnownFileType = text.plist.xml; path = Info.plist; sourceTree = "<group>"; };
/* End PBXFileReference section */

/* Begin PBXFrameworksBuildPhase section */
		69D7294A1E154090007F0F26 /* Frameworks */ = {
			isa = PBXFrameworksBuildPhase;
			buildActionMask = 2147483647;
			files = (
			);
			runOnlyForDeploymentPostprocessing = 0;
		};
/* End PBXFrameworksBuildPhase section */

/* Begin PBXGroup section */
		69D729441E154090007F0F26 = {
			isa = PBXGroup;
			children = (
				69D7294F1E154090007F0F26 /* Iks-Oks */,
				69D7294E1E154090007F0F26 /* Products */,
			);
			sourceTree = "<group>";
		};
		69D7294E1E154090007F0F26 /* Products */ = {
			isa = PBXGroup;
			children = (
				69D7294D1E154090007F0F26 /* Iks-Oks.app */,
			);
			name = Products;
			sourceTree = "<group>";
		};
		69D7294F1E154090007F0F26 /* Iks-Oks */ = {
			isa = PBXGroup;
			children = (
				69D729621E15444F007F0F26 /* Supporting Files */,
				69D729521E154090007F0F26 /* ViewController.swift */,
				69D729541E154090007F0F26 /* Main.storyboard */,
			);
			path = "Iks-Oks";
			sourceTree = "<group>";
		};
		69D729621E15444F007F0F26 /* Supporting Files */ = {
			isa = PBXGroup;
			children = (
				69D729501E154090007F0F26 /* AppDelegate.swift */,
				69D729571E154090007F0F26 /* Assets.xcassets */,
				69D729591E154091007F0F26 /* LaunchScreen.storyboard */,
				69D7295C1E154091007F0F26 /* Info.plist */,
			);
			name = "Supporting Files";
			sourceTree = "<group>";
		};
/* End PBXGroup section */

/* Begin PBXNativeTarget section */
		69D7294C1E154090007F0F26 /* Iks-Oks */ = {
			isa = PBXNativeTarget;
			buildConfigurationList = 69D7295F1E154091007F0F26 /* Build configuration list for PBXNativeTarget "Iks-Oks" */;
			buildPhases = (
				69D729491E154090007F0F26 /* Sources */,
				69D7294A1E154090007F0F26 /* Frameworks */,
				69D7294B1E154090007F0F26 /* Resources */,
			);
			buildRules = (
			);
			dependencies = (
			);
			name = "Iks-Oks";
			productName = "Iks-Oks";
			productReference = 69D7294D1E154090007F0F26 /* Iks-Oks.app */;
			productType = "com.apple.product-type.application";
		};
/* End PBXNativeTarget section */

/* Begin PBXProject section */
		69D729451E154090007F0F26 /* Project object */ = {
			isa = PBXProject;
			attributes = {
				LastSwiftUpdateCheck = 0820;
				LastUpgradeCheck = 0820;
				ORGANIZATIONNAME = "Leon Fadljevic";
				TargetAttributes = {
					69D7294C1E154090007F0F26 = {
						CreatedOnToolsVersion = 8.2;
						ProvisioningStyle = Automatic;
					};
				};
			};
			buildConfigurationList = 69D729481E154090007F0F26 /* Build configuration list for PBXProject "Iks-Oks" */;
			compatibilityVersion = "Xcode 3.2";
			developmentRegion = English;
			hasScannedForEncodings = 0;
			knownRegions = (
				en,
				Base,
			);
			mainGroup = 69D729441E154090007F0F26;
			productRefGroup = 69D7294E1E154090007F0F26 /* Products */;
			projectDirPath = "";
			projectRoot = "";
			targets = (
				69D7294C1E154090007F0F26 /* Iks-Oks */,
			);
		};
/* End PBXProject section */

/* Begin PBXResourcesBuildPhase section */
		69D7294B1E154090007F0F26 /* Resources */ = {
			isa = PBXResourcesBuildPhase;
			buildActionMask = 2147483647;
			files = (
				69D7295B1E154091007F0F26 /* LaunchScreen.storyboard in Resources */,
				69D729581E154090007F0F26 /* Assets.xcassets in Resources */,
				69D729561E154090007F0F26 /* Main.storyboard in Resources */,
			);
			runOnlyForDeploymentPostprocessing = 0;
		};
/* End PBXResourcesBuildPhase section */

/* Begin PBXSourcesBuildPhase section */
		69D729491E154090007F0F26 /* Sources */ = {
			isa = PBXSourcesBuildPhase;
			buildActionMask = 2147483647;
			files = (
				69D729531E154090007F0F26 /* ViewController.swift in Sources */,
				69D729511E154090007F0F26 /* AppDelegate.swift in Sources */,
			);
			runOnlyForDeploymentPostprocessing = 0;
		};
/* End PBXSourcesBuildPhase section */

/* Begin PBXVariantGroup section */
		69D729541E154090007F0F26 /* Main.storyboard */ = {
			isa = PBXVariantGroup;
			children = (
				69D729551E154090007F0F26 /* Base */,
			);
			name = Main.storyboard;
			sourceTree = "<group>";
		};
		69D729591E154091007F0F26 /* LaunchScreen.storyboard */ = {
			isa = PBXVariantGroup;
			children = (
				69D7295A1E154091007F0F26 /* Base */,
			);
			name = LaunchScreen.storyboard;
			sourceTree = "<group>";
		};
/* End PBXVariantGroup section */

/* Begin XCBuildConfiguration section */
		69D7295D1E154091007F0F26 /* Debug */ = {
			isa = XCBuildConfiguration;
			buildSettings = {
				ALWAYS_SEARCH_USER_PATHS = NO;
				CLANG_ANALYZER_NONNULL = YES;
				CLANG_CXX_LANGUAGE_STANDARD = "gnu++0x";
				CLANG_CXX_LIBRARY = "libc++";
				CLANG_ENABLE_MODULES = YES;
				CLANG_ENABLE_OBJC_ARC = YES;
				CLANG_WARN_BOOL_CONVERSION = YES;
				CLANG_WARN_CONSTANT_CONVERSION = YES;
				CLANG_WARN_DIRECT_OBJC_ISA_USAGE = YES_ERROR;
				CLANG_WARN_DOCUMENTATION_COMMENTS = YES;
				CLANG_WARN_EMPTY_BODY = YES;
				CLANG_WARN_ENUM_CONVERSION = YES;
				CLANG_WARN_INFINITE_RECURSION = YES;
				CLANG_WARN_INT_CONVERSION = YES;
				CLANG_WARN_OBJC_ROOT_CLASS = YES_ERROR;
				CLANG_WARN_SUSPICIOUS_MOVE = YES;
				CLANG_WARN_UNREACHABLE_CODE = YES;
				CLANG_WARN__DUPLICATE_METHOD_MATCH = YES;
				"CODE_SIGN_IDENTITY[sdk=iphoneos*]" = "iPhone Developer";
				COPY_PHASE_STRIP = NO;
				DEBUG_INFORMATION_FORMAT = dwarf;
				ENABLE_STRICT_OBJC_MSGSEND = YES;
				ENABLE_TESTABILITY = YES;
				GCC_C_LANGUAGE_STANDARD = gnu99;
				GCC_DYNAMIC_NO_PIC = NO;
				GCC_NO_COMMON_BLOCKS = YES;
				GCC_OPTIMIZATION_LEVEL = 0;
				GCC_PREPROCESSOR_DEFINITIONS = (
					"DEBUG=1",
					"$(inherited)",
				);
				GCC_WARN_64_TO_32_BIT_CONVERSION = YES;
				GCC_WARN_ABOUT_RETURN_TYPE = YES_ERROR;
				GCC_WARN_UNDECLARED_SELECTOR = YES;
				GCC_WARN_UNINITIALIZED_AUTOS = YES_AGGRESSIVE;
				GCC_WARN_UNUSED_FUNCTION = YES;
				GCC_WARN_UNUSED_VARIABLE = YES;
				IPHONEOS_DEPLOYMENT_TARGET = 10.2;
				MTL_ENABLE_DEBUG_INFO = YES;
				ONLY_ACTIVE_ARCH = YES;
				SDKROOT = iphoneos;
				SWIFT_ACTIVE_COMPILATION_CONDITIONS = DEBUG;
				SWIFT_OPTIMIZATION_LEVEL = "-Onone";
				TARGETED_DEVICE_FAMILY = "1,2";
			};
			name = Debug;
		};
		69D7295E1E154091007F0F26 /* Release */ = {
			isa = XCBuildConfiguration;
			buildSettings = {
				ALWAYS_SEARCH_USER_PATHS = NO;
				CLANG_ANALYZER_NONNULL = YES;
				CLANG_CXX_LANGUAGE_STANDARD = "gnu++0x";
				CLANG_CXX_LIBRARY = "libc++";
				CLANG_ENABLE_MODULES = YES;
				CLANG_ENABLE_OBJC_ARC = YES;
				CLANG_WARN_BOOL_CONVERSION = YES;
				CLANG_WARN_CONSTANT_CONVERSION = YES;
				CLANG_WARN_DIRECT_OBJC_ISA_USAGE = YES_ERROR;
				CLANG_WARN_DOCUMENTATION_COMMENTS = YES;
				CLANG_WARN_EMPTY_BODY = YES;
				CLANG_WARN_ENUM_CONVERSION = YES;
				CLANG_WARN_INFINITE_RECURSION = YES;
				CLANG_WARN_INT_CONVERSION = YES;
				CLANG_WARN_OBJC_ROOT_CLASS = YES_ERROR;
				CLANG_WARN_SUSPICIOUS_MOVE = YES;
				CLANG_WARN_UNREACHABLE_CODE = YES;
				CLANG_WARN__DUPLICATE_METHOD_MATCH = YES;
				"CODE_SIGN_IDENTITY[sdk=iphoneos*]" = "iPhone Developer";
				COPY_PHASE_STRIP = NO;
				DEBUG_INFORMATION_FORMAT = "dwarf-with-dsym";
				ENABLE_NS_ASSERTIONS = NO;
				ENABLE_STRICT_OBJC_MSGSEND = YES;
				GCC_C_LANGUAGE_STANDARD = gnu99;
				GCC_NO_COMMON_BLOCKS = YES;
				GCC_WARN_64_TO_32_BIT_CONVERSION = YES;
				GCC_WARN_ABOUT_RETURN_TYPE = YES_ERROR;
				GCC_WARN_UNDECLARED_SELECTOR = YES;
				GCC_WARN_UNINITIALIZED_AUTOS = YES_AGGRESSIVE;
				GCC_WARN_UNUSED_FUNCTION = YES;
				GCC_WARN_UNUSED_VARIABLE = YES;
				IPHONEOS_DEPLOYMENT_TARGET = 10.2;
				MTL_ENABLE_DEBUG_INFO = NO;
				SDKROOT = iphoneos;
				SWIFT_OPTIMIZATION_LEVEL = "-Owholemodule";
				TARGETED_DEVICE_FAMILY = "1,2";
				VALIDATE_PRODUCT = YES;
			};
			name = Release;
		};
		69D729601E154091007F0F26 /* Debug */ = {
			isa = XCBuildConfiguration;
			buildSettings = {
				ASSETCATALOG_COMPILER_APPICON_NAME = AppIcon;
				INFOPLIST_FILE = "Iks-Oks/Info.plist";
				LD_RUNPATH_SEARCH_PATHS = "$(inherited) @executable_path/Frameworks";
				PRODUCT_BUNDLE_IDENTIFIER = "hr.fer.fadljevic.leon.Iks-Oks";
				PRODUCT_NAME = "$(TARGET_NAME)";
				SWIFT_VERSION = 3.0;
			};
			name = Debug;
		};
		69D729611E154091007F0F26 /* Release */ = {
			isa = XCBuildConfiguration;
			buildSettings = {
				ASSETCATALOG_COMPILER_APPICON_NAME = AppIcon;
				INFOPLIST_FILE = "Iks-Oks/Info.plist";
				LD_RUNPATH_SEARCH_PATHS = "$(inherited) @executable_path/Frameworks";
				PRODUCT_BUNDLE_IDENTIFIER = "hr.fer.fadljevic.leon.Iks-Oks";
				PRODUCT_NAME = "$(TARGET_NAME)";
				SWIFT_VERSION = 3.0;
			};
			name = Release;
		};
/* End XCBuildConfiguration section */

/* Begin XCConfigurationList section */
		69D729481E154090007F0F26 /* Build configuration list for PBXProject "Iks-Oks" */ = {
			isa = XCConfigurationList;
			buildConfigurations = (
				69D7295D1E154091007F0F26 /* Debug */,
				69D7295E1E154091007F0F26 /* Release */,
			);
			defaultConfigurationIsVisible = 0;
			defaultConfigurationName = Release;
		};
		69D7295F1E154091007F0F26 /* Build configuration list for PBXNativeTarget "Iks-Oks" */ = {
			isa = XCConfigurationList;
			buildConfigurations = (
				69D729601E154091007F0F26 /* Debug */,
				69D729611E154091007F0F26 /* Release */,
			);
			defaultConfigurationIsVisible = 0;
		};
/* End XCConfigurationList section */
	};
	rootObject = 69D729451E154090007F0F26 /* Project object */;
}
